
Microsoft Visual Studio Solution File, Format Version 12.00
# Visual Studio Version 17
VisualStudioVersion = 17.5.33627.172
MinimumVisualStudioVersion = 10.0.40219.1
Project("{FAE04EC0-301F-11D3-BF4B-00C04F79EFBC}") = "HomeWorkMiddlewareLogtoFile", "HomeWorkMiddlewareLogtoFile\HomeWorkMiddlewareLogtoFile.csproj", "{974D149D-727D-494E-A7BB-D28C7A091790}"
EndProject
Global
	GlobalSection(SolutionConfigurationPlatforms) = preSolution
		Debug|Any CPU = Debug|Any CPU
		Release|Any CPU = Release|Any CPU
	EndGlobalSection
	GlobalSection(ProjectConfigurationPlatforms) = postSolution
		{974D149D-727D-494E-A7BB-D28C7A091790}.Debug|Any CPU.ActiveCfg = Debug|Any CPU
		{974D149D-727D-494E-A7BB-D28C7A091790}.Debug|Any CPU.Build.0 = Debug|Any CPU
		{974D149D-727D-494E-A7BB-D28C7A091790}.Release|Any CPU.ActiveCfg = Release|Any CPU
		{974D149D-727D-494E-A7BB-D28C7A091790}.Release|Any CPU.Build.0 = Release|Any CPU
	EndGlobalSection
	GlobalSection(SolutionProperties) = preSolution
		HideSolutionNode = FALSE
	EndGlobalSection
	GlobalSection(ExtensibilityGlobals) = postSolution
		SolutionGuid = {E20A80AD-BBBA-4B4B-B451-E8F67F095CC5}
	EndGlobalSection
EndGlobal
